// !$*UTF8*$!
{
	archiveVersion = 1;
	classes = {
	};
	objectVersion = 56;
	objects = {

/* Begin PBXBuildFile section */
		74B7F0B52D97A16000758F39 /* SwifUi_PersonalProfileApp.swift in Sources */ = {isa = PBXBuildFile; fileRef = 74B7F0B42D97A16000758F39 /* SwifUi_PersonalProfileApp.swift */; };
		74B7F0B72D97A16000758F39 /* ContentView.swift in Sources */ = {isa = PBXBuildFile; fileRef = 74B7F0B62D97A16000758F39 /* ContentView.swift */; };
		74B7F0B92D97A16200758F39 /* Assets.xcassets in Resources */ = {isa = PBXBuildFile; fileRef = 74B7F0B82D97A16200758F39 /* Assets.xcassets */; };
		74B7F0BC2D97A16200758F39 /* Preview Assets.xcassets in Resources */ = {isa = PBXBuildFile; fileRef = 74B7F0BB2D97A16200758F39 /* Preview Assets.xcassets */; };
		74B7F0C52D97A1B700758F39 /* DataModels.swift in Sources */ = {isa = PBXBuildFile; fileRef = 74B7F0C42D97A1B700758F39 /* DataModels.swift */; };
		74B7F0C72D97A1F800758F39 /* ProfileHeaderView.swift in Sources */ = {isa = PBXBuildFile; fileRef = 74B7F0C62D97A1F800758F39 /* ProfileHeaderView.swift */; };
		74B7F0C92D97B48D00758F39 /* ProgressBarView.swift in Sources */ = {isa = PBXBuildFile; fileRef = 74B7F0C82D97B48D00758F39 /* ProgressBarView.swift */; };
		74B7F0CB2D97B57300758F39 /* AchivementItemView.swift in Sources */ = {isa = PBXBuildFile; fileRef = 74B7F0CA2D97B57300758F39 /* AchivementItemView.swift */; };
		74B7F0CE2D97D77000758F39 /* ProfileView.swift in Sources */ = {isa = PBXBuildFile; fileRef = 74B7F0CD2D97D77000758F39 /* ProfileView.swift */; };
		74B7F0D22D97DA2700758F39 /* ThemeToggleView.swift in Sources */ = {isa = PBXBuildFile; fileRef = 74B7F0D12D97DA2700758F39 /* ThemeToggleView.swift */; };
/* End PBXBuildFile section */

/* Begin PBXFileReference section */
		74B7F0B12D97A16000758F39 /* SwifUi_PersonalProfile.app */ = {isa = PBXFileReference; explicitFileType = wrapper.application; includeInIndex = 0; path = SwifUi_PersonalProfile.app; sourceTree = BUILT_PRODUCTS_DIR; };
		74B7F0B42D97A16000758F39 /* SwifUi_PersonalProfileApp.swift */ = {isa = PBXFileReference; lastKnownFileType = sourcecode.swift; path = SwifUi_PersonalProfileApp.swift; sourceTree = "<group>"; };
		74B7F0B62D97A16000758F39 /* ContentView.swift */ = {isa = PBXFileReference; lastKnownFileType = sourcecode.swift; path = ContentView.swift; sourceTree = "<group>"; };
		74B7F0B82D97A16200758F39 /* Assets.xcassets */ = {isa = PBXFileReference; lastKnownFileType = folder.assetcatalog; path = Assets.xcassets; sourceTree = "<group>"; };
		74B7F0BB2D97A16200758F39 /* Preview Assets.xcassets */ = {isa = PBXFileReference; lastKnownFileType = folder.assetcatalog; path = "Preview Assets.xcassets"; sourceTree = "<group>"; };
		74B7F0C42D97A1B700758F39 /* DataModels.swift */ = {isa = PBXFileReference; lastKnownFileType = sourcecode.swift; path = DataModels.swift; sourceTree = "<group>"; };
		74B7F0C62D97A1F800758F39 /* ProfileHeaderView.swift */ = {isa = PBXFileReference; lastKnownFileType = sourcecode.swift; path = ProfileHeaderView.swift; sourceTree = "<group>"; };
		74B7F0C82D97B48D00758F39 /* ProgressBarView.swift */ = {isa = PBXFileReference; lastKnownFileType = sourcecode.swift; path = ProgressBarView.swift; sourceTree = "<group>"; };
		74B7F0CA2D97B57300758F39 /* AchivementItemView.swift */ = {isa = PBXFileReference; lastKnownFileType = sourcecode.swift; path = AchivementItemView.swift; sourceTree = "<group>"; };
		74B7F0CD2D97D77000758F39 /* ProfileView.swift */ = {isa = PBXFileReference; lastKnownFileType = sourcecode.swift; path = ProfileView.swift; sourceTree = "<group>"; };
		74B7F0D12D97DA2700758F39 /* ThemeToggleView.swift */ = {isa = PBXFileReference; lastKnownFileType = sourcecode.swift; path = ThemeToggleView.swift; sourceTree = "<group>"; };
/* End PBXFileReference section */

/* Begin PBXFrameworksBuildPhase section */
		74B7F0AE2D97A16000758F39 /* Frameworks */ = {
			isa = PBXFrameworksBuildPhase;
			buildActionMask = 2147483647;
			files = (
			);
			runOnlyForDeploymentPostprocessing = 0;
		};
/* End PBXFrameworksBuildPhase section */

/* Begin PBXGroup section */
		74B7F0A82D97A16000758F39 = {
			isa = PBXGroup;
			children = (
				74B7F0B32D97A16000758F39 /* SwifUi_PersonalProfile */,
				74B7F0B22D97A16000758F39 /* Products */,
			);
			sourceTree = "<group>";
		};
		74B7F0B22D97A16000758F39 /* Products */ = {
			isa = PBXGroup;
			children = (
				74B7F0B12D97A16000758F39 /* SwifUi_PersonalProfile.app */,
			);
			name = Products;
			sourceTree = "<group>";
		};
		74B7F0B32D97A16000758F39 /* SwifUi_PersonalProfile */ = {
			isa = PBXGroup;
			children = (
				74B7F0CC2D97D74900758F39 /* Views */,
				74B7F0C32D97A17F00758F39 /* Components */,
				74B7F0C22D97A17200758F39 /* Models */,
				74B7F0B42D97A16000758F39 /* SwifUi_PersonalProfileApp.swift */,
				74B7F0B62D97A16000758F39 /* ContentView.swift */,
				74B7F0B82D97A16200758F39 /* Assets.xcassets */,
				74B7F0BA2D97A16200758F39 /* Preview Content */,
			);
			path = SwifUi_PersonalProfile;
			sourceTree = "<group>";
		};
		74B7F0BA2D97A16200758F39 /* Preview Content */ = {
			isa = PBXGroup;
			children = (
				74B7F0BB2D97A16200758F39 /* Preview Assets.xcassets */,
			);
			path = "Preview Content";
			sourceTree = "<group>";
		};
		74B7F0C22D97A17200758F39 /* Models */ = {
			isa = PBXGroup;
			children = (
				74B7F0C42D97A1B700758F39 /* DataModels.swift */,
			);
			path = Models;
			sourceTree = "<group>";
		};
		74B7F0C32D97A17F00758F39 /* Components */ = {
			isa = PBXGroup;
			children = (
				74B7F0C62D97A1F800758F39 /* ProfileHeaderView.swift */,
				74B7F0C82D97B48D00758F39 /* ProgressBarView.swift */,
				74B7F0CA2D97B57300758F39 /* AchivementItemView.swift */,
				74B7F0D12D97DA2700758F39 /* ThemeToggleView.swift */,
			);
			path = Components;
			sourceTree = "<group>";
		};
		74B7F0CC2D97D74900758F39 /* Views */ = {
			isa = PBXGroup;
			children = (
				74B7F0CD2D97D77000758F39 /* ProfileView.swift */,
			);
			path = Views;
			sourceTree = "<group>";
		};
/* End PBXGroup section */

/* Begin PBXNativeTarget section */
		74B7F0B02D97A16000758F39 /* SwifUi_PersonalProfile */ = {
			isa = PBXNativeTarget;
			buildConfigurationList = 74B7F0BF2D97A16200758F39 /* Build configuration list for PBXNativeTarget "SwifUi_PersonalProfile" */;
			buildPhases = (
				74B7F0AD2D97A16000758F39 /* Sources */,
				74B7F0AE2D97A16000758F39 /* Frameworks */,
				74B7F0AF2D97A16000758F39 /* Resources */,
			);
			buildRules = (
			);
			dependencies = (
			);
			name = SwifUi_PersonalProfile;
			productName = SwifUi_PersonalProfile;
			productReference = 74B7F0B12D97A16000758F39 /* SwifUi_PersonalProfile.app */;
			productType = "com.apple.product-type.application";
		};
/* End PBXNativeTarget section */

/* Begin PBXProject section */
		74B7F0A92D97A16000758F39 /* Project object */ = {
			isa = PBXProject;
			attributes = {
				BuildIndependentTargetsInParallel = 1;
				LastSwiftUpdateCheck = 1540;
				LastUpgradeCheck = 1540;
				TargetAttributes = {
					74B7F0B02D97A16000758F39 = {
						CreatedOnToolsVersion = 15.4;
					};
				};
			};
			buildConfigurationList = 74B7F0AC2D97A16000758F39 /* Build configuration list for PBXProject "SwifUi_PersonalProfile" */;
			compatibilityVersion = "Xcode 14.0";
			developmentRegion = en;
			hasScannedForEncodings = 0;
			knownRegions = (
				en,
				Base,
			);
			mainGroup = 74B7F0A82D97A16000758F39;
			productRefGroup = 74B7F0B22D97A16000758F39 /* Products */;
			projectDirPath = "";
			projectRoot = "";
			targets = (
				74B7F0B02D97A16000758F39 /* SwifUi_PersonalProfile */,
			);
		};
/* End PBXProject section */

/* Begin PBXResourcesBuildPhase section */
		74B7F0AF2D97A16000758F39 /* Resources */ = {
			isa = PBXResourcesBuildPhase;
			buildActionMask = 2147483647;
			files = (
				74B7F0BC2D97A16200758F39 /* Preview Assets.xcassets in Resources */,
				74B7F0B92D97A16200758F39 /* Assets.xcassets in Resources */,
			);
			runOnlyForDeploymentPostprocessing = 0;
		};
/* End PBXResourcesBuildPhase section */

/* Begin PBXSourcesBuildPhase section */
		74B7F0AD2D97A16000758F39 /* Sources */ = {
			isa = PBXSourcesBuildPhase;
			buildActionMask = 2147483647;
			files = (
				74B7F0D22D97DA2700758F39 /* ThemeToggleView.swift in Sources */,
				74B7F0B72D97A16000758F39 /* ContentView.swift in Sources */,
				74B7F0C52D97A1B700758F39 /* DataModels.swift in Sources */,
				74B7F0B52D97A16000758F39 /* SwifUi_PersonalProfileApp.swift in Sources */,
				74B7F0C72D97A1F800758F39 /* ProfileHeaderView.swift in Sources */,
				74B7F0C92D97B48D00758F39 /* ProgressBarView.swift in Sources */,
				74B7F0CE2D97D77000758F39 /* ProfileView.swift in Sources */,
				74B7F0CB2D97B57300758F39 /* AchivementItemView.swift in Sources */,
			);
			runOnlyForDeploymentPostprocessing = 0;
		};
/* End PBXSourcesBuildPhase section */

/* Begin XCBuildConfiguration section */
		74B7F0BD2D97A16200758F39 /* Debug */ = {
			isa = XCBuildConfiguration;
			buildSettings = {
				ALWAYS_SEARCH_USER_PATHS = NO;
				ASSETCATALOG_COMPILER_GENERATE_SWIFT_ASSET_SYMBOL_EXTENSIONS = YES;
				CLANG_ANALYZER_NONNULL = YES;
				CLANG_ANALYZER_NUMBER_OBJECT_CONVERSION = YES_AGGRESSIVE;
				CLANG_CXX_LANGUAGE_STANDARD = "gnu++20";
				CLANG_ENABLE_MODULES = YES;
				CLANG_ENABLE_OBJC_ARC = YES;
				CLANG_ENABLE_OBJC_WEAK = YES;
				CLANG_WARN_BLOCK_CAPTURE_AUTORELEASING = YES;
				CLANG_WARN_BOOL_CONVERSION = YES;
				CLANG_WARN_COMMA = YES;
				CLANG_WARN_CONSTANT_CONVERSION = YES;
				CLANG_WARN_DEPRECATED_OBJC_IMPLEMENTATIONS = YES;
				CLANG_WARN_DIRECT_OBJC_ISA_USAGE = YES_ERROR;
				CLANG_WARN_DOCUMENTATION_COMMENTS = YES;
				CLANG_WARN_EMPTY_BODY = YES;
				CLANG_WARN_ENUM_CONVERSION = YES;
				CLANG_WARN_INFINITE_RECURSION = YES;
				CLANG_WARN_INT_CONVERSION = YES;
				CLANG_WARN_NON_LITERAL_NULL_CONVERSION = YES;
				CLANG_WARN_OBJC_IMPLICIT_RETAIN_SELF = YES;
				CLANG_WARN_OBJC_LITERAL_CONVERSION = YES;
				CLANG_WARN_OBJC_ROOT_CLASS = YES_ERROR;
				CLANG_WARN_QUOTED_INCLUDE_IN_FRAMEWORK_HEADER = YES;
				CLANG_WARN_RANGE_LOOP_ANALYSIS = YES;
				CLANG_WARN_STRICT_PROTOTYPES = YES;
				CLANG_WARN_SUSPICIOUS_MOVE = YES;
				CLANG_WARN_UNGUARDED_AVAILABILITY = YES_AGGRESSIVE;
				CLANG_WARN_UNREACHABLE_CODE = YES;
				CLANG_WARN__DUPLICATE_METHOD_MATCH = YES;
				COPY_PHASE_STRIP = NO;
				DEBUG_INFORMATION_FORMAT = dwarf;
				ENABLE_STRICT_OBJC_MSGSEND = YES;
				ENABLE_TESTABILITY = YES;
				ENABLE_USER_SCRIPT_SANDBOXING = YES;
				GCC_C_LANGUAGE_STANDARD = gnu17;
				GCC_DYNAMIC_NO_PIC = NO;
				GCC_NO_COMMON_BLOCKS = YES;
				GCC_OPTIMIZATION_LEVEL = 0;
				GCC_PREPROCESSOR_DEFINITIONS = (
					"DEBUG=1",
					"$(inherited)",
				);
				GCC_WARN_64_TO_32_BIT_CONVERSION = YES;
				GCC_WARN_ABOUT_RETURN_TYPE = YES_ERROR;
				GCC_WARN_UNDECLARED_SELECTOR = YES;
				GCC_WARN_UNINITIALIZED_AUTOS = YES_AGGRESSIVE;
				GCC_WARN_UNUSED_FUNCTION = YES;
				GCC_WARN_UNUSED_VARIABLE = YES;
				IPHONEOS_DEPLOYMENT_TARGET = 17.5;
				LOCALIZATION_PREFERS_STRING_CATALOGS = YES;
				MTL_ENABLE_DEBUG_INFO = INCLUDE_SOURCE;
				MTL_FAST_MATH = YES;
				ONLY_ACTIVE_ARCH = YES;
				SDKROOT = iphoneos;
				SWIFT_ACTIVE_COMPILATION_CONDITIONS = "DEBUG $(inherited)";
				SWIFT_OPTIMIZATION_LEVEL = "-Onone";
			};
			name = Debug;
		};
		74B7F0BE2D97A16200758F39 /* Release */ = {
			isa = XCBuildConfiguration;
			buildSettings = {
				ALWAYS_SEARCH_USER_PATHS = NO;
				ASSETCATALOG_COMPILER_GENERATE_SWIFT_ASSET_SYMBOL_EXTENSIONS = YES;
				CLANG_ANALYZER_NONNULL = YES;
				CLANG_ANALYZER_NUMBER_OBJECT_CONVERSION = YES_AGGRESSIVE;
				CLANG_CXX_LANGUAGE_STANDARD = "gnu++20";
				CLANG_ENABLE_MODULES = YES;
				CLANG_ENABLE_OBJC_ARC = YES;
				CLANG_ENABLE_OBJC_WEAK = YES;
				CLANG_WARN_BLOCK_CAPTURE_AUTORELEASING = YES;
				CLANG_WARN_BOOL_CONVERSION = YES;
				CLANG_WARN_COMMA = YES;
				CLANG_WARN_CONSTANT_CONVERSION = YES;
				CLANG_WARN_DEPRECATED_OBJC_IMPLEMENTATIONS = YES;
				CLANG_WARN_DIRECT_OBJC_ISA_USAGE = YES_ERROR;
				CLANG_WARN_DOCUMENTATION_COMMENTS = YES;
				CLANG_WARN_EMPTY_BODY = YES;
				CLANG_WARN_ENUM_CONVERSION = YES;
				CLANG_WARN_INFINITE_RECURSION = YES;
				CLANG_WARN_INT_CONVERSION = YES;
				CLANG_WARN_NON_LITERAL_NULL_CONVERSION = YES;
				CLANG_WARN_OBJC_IMPLICIT_RETAIN_SELF = YES;
				CLANG_WARN_OBJC_LITERAL_CONVERSION = YES;
				CLANG_WARN_OBJC_ROOT_CLASS = YES_ERROR;
				CLANG_WARN_QUOTED_INCLUDE_IN_FRAMEWORK_HEADER = YES;
				CLANG_WARN_RANGE_LOOP_ANALYSIS = YES;
				CLANG_WARN_STRICT_PROTOTYPES = YES;
				CLANG_WARN_SUSPICIOUS_MOVE = YES;
				CLANG_WARN_UNGUARDED_AVAILABILITY = YES_AGGRESSIVE;
				CLANG_WARN_UNREACHABLE_CODE = YES;
				CLANG_WARN__DUPLICATE_METHOD_MATCH = YES;
				COPY_PHASE_STRIP = NO;
				DEBUG_INFORMATION_FORMAT = "dwarf-with-dsym";
				ENABLE_NS_ASSERTIONS = NO;
				ENABLE_STRICT_OBJC_MSGSEND = YES;
				ENABLE_USER_SCRIPT_SANDBOXING = YES;
				GCC_C_LANGUAGE_STANDARD = gnu17;
				GCC_NO_COMMON_BLOCKS = YES;
				GCC_WARN_64_TO_32_BIT_CONVERSION = YES;
				GCC_WARN_ABOUT_RETURN_TYPE = YES_ERROR;
				GCC_WARN_UNDECLARED_SELECTOR = YES;
				GCC_WARN_UNINITIALIZED_AUTOS = YES_AGGRESSIVE;
				GCC_WARN_UNUSED_FUNCTION = YES;
				GCC_WARN_UNUSED_VARIABLE = YES;
				IPHONEOS_DEPLOYMENT_TARGET = 17.5;
				LOCALIZATION_PREFERS_STRING_CATALOGS = YES;
				MTL_ENABLE_DEBUG_INFO = NO;
				MTL_FAST_MATH = YES;
				SDKROOT = iphoneos;
				SWIFT_COMPILATION_MODE = wholemodule;
				VALIDATE_PRODUCT = YES;
			};
			name = Release;
		};
		74B7F0C02D97A16200758F39 /* Debug */ = {
			isa = XCBuildConfiguration;
			buildSettings = {
				ASSETCATALOG_COMPILER_APPICON_NAME = AppIcon;
				ASSETCATALOG_COMPILER_GLOBAL_ACCENT_COLOR_NAME = AccentColor;
				CODE_SIGN_STYLE = Automatic;
				CURRENT_PROJECT_VERSION = 1;
				DEVELOPMENT_ASSET_PATHS = "\"SwifUi_PersonalProfile/Preview Content\"";
				DEVELOPMENT_TEAM = 5V2FA35Z8V;
				ENABLE_PREVIEWS = YES;
				GENERATE_INFOPLIST_FILE = YES;
				INFOPLIST_KEY_UIApplicationSceneManifest_Generation = YES;
				INFOPLIST_KEY_UIApplicationSupportsIndirectInputEvents = YES;
				INFOPLIST_KEY_UILaunchScreen_Generation = YES;
				INFOPLIST_KEY_UISupportedInterfaceOrientations_iPad = "UIInterfaceOrientationPortrait UIInterfaceOrientationPortraitUpsideDown UIInterfaceOrientationLandscapeLeft UIInterfaceOrientationLandscapeRight";
				INFOPLIST_KEY_UISupportedInterfaceOrientations_iPhone = "UIInterfaceOrientationPortrait UIInterfaceOrientationLandscapeLeft UIInterfaceOrientationLandscapeRight";
				LD_RUNPATH_SEARCH_PATHS = (
					"$(inherited)",
					"@executable_path/Frameworks",
				);
				MARKETING_VERSION = 1.0;
				PRODUCT_BUNDLE_IDENTIFIER = "com.makexyz.SwifUi-PersonalProfile";
				PRODUCT_NAME = "$(TARGET_NAME)";
				SWIFT_EMIT_LOC_STRINGS = YES;
				SWIFT_VERSION = 5.0;
				TARGETED_DEVICE_FAMILY = "1,2";
			};
			name = Debug;
		};
		74B7F0C12D97A16200758F39 /* Release */ = {
			isa = XCBuildConfiguration;
			buildSettings = {
				ASSETCATALOG_COMPILER_APPICON_NAME = AppIcon;
				ASSETCATALOG_COMPILER_GLOBAL_ACCENT_COLOR_NAME = AccentColor;
				CODE_SIGN_STYLE = Automatic;
				CURRENT_PROJECT_VERSION = 1;
				DEVELOPMENT_ASSET_PATHS = "\"SwifUi_PersonalProfile/Preview Content\"";
				DEVELOPMENT_TEAM = 5V2FA35Z8V;
				ENABLE_PREVIEWS = YES;
				GENERATE_INFOPLIST_FILE = YES;
				INFOPLIST_KEY_UIApplicationSceneManifest_Generation = YES;
				INFOPLIST_KEY_UIApplicationSupportsIndirectInputEvents = YES;
				INFOPLIST_KEY_UILaunchScreen_Generation = YES;
				INFOPLIST_KEY_UISupportedInterfaceOrientations_iPad = "UIInterfaceOrientationPortrait UIInterfaceOrientationPortraitUpsideDown UIInterfaceOrientationLandscapeLeft UIInterfaceOrientationLandscapeRight";
				INFOPLIST_KEY_UISupportedInterfaceOrientations_iPhone = "UIInterfaceOrientationPortrait UIInterfaceOrientationLandscapeLeft UIInterfaceOrientationLandscapeRight";
				LD_RUNPATH_SEARCH_PATHS = (
					"$(inherited)",
					"@executable_path/Frameworks",
				);
				MARKETING_VERSION = 1.0;
				PRODUCT_BUNDLE_IDENTIFIER = "com.makexyz.SwifUi-PersonalProfile";
				PRODUCT_NAME = "$(TARGET_NAME)";
				SWIFT_EMIT_LOC_STRINGS = YES;
				SWIFT_VERSION = 5.0;
				TARGETED_DEVICE_FAMILY = "1,2";
			};
			name = Release;
		};
/* End XCBuildConfiguration section */

/* Begin XCConfigurationList section */
		74B7F0AC2D97A16000758F39 /* Build configuration list for PBXProject "SwifUi_PersonalProfile" */ = {
			isa = XCConfigurationList;
			buildConfigurations = (
				74B7F0BD2D97A16200758F39 /* Debug */,
				74B7F0BE2D97A16200758F39 /* Release */,
			);
			defaultConfigurationIsVisible = 0;
			defaultConfigurationName = Release;
		};
		74B7F0BF2D97A16200758F39 /* Build configuration list for PBXNativeTarget "SwifUi_PersonalProfile" */ = {
			isa = XCConfigurationList;
			buildConfigurations = (
				74B7F0C02D97A16200758F39 /* Debug */,
				74B7F0C12D97A16200758F39 /* Release */,
			);
			defaultConfigurationIsVisible = 0;
			defaultConfigurationName = Release;
		};
/* End XCConfigurationList section */
	};
	rootObject = 74B7F0A92D97A16000758F39 /* Project object */;
}
